
Microsoft Visual Studio Solution File, Format Version 12.00
# Visual Studio Version 16
VisualStudioVersion = 16.0.29806.167
MinimumVisualStudioVersion = 10.0.40219.1
Project("{FAE04EC0-301F-11D3-BF4B-00C04F79EFBC}") = "XamTestInvestigate.UWP", "XamTestInvestigate\XamTestInvestigate.UWP\XamTestInvestigate.UWP.csproj", "{10015A3E-BA24-476C-B378-D2012279F7A4}"
EndProject
Project("{FAE04EC0-301F-11D3-BF4B-00C04F79EFBC}") = "XamTestInvestigate.Android", "XamTestInvestigate\XamTestInvestigate.Android\XamTestInvestigate.Android.csproj", "{CCB86124-E7B8-4FA0-A200-8739CF2ABFBA}"
EndProject
Project("{FAE04EC0-301F-11D3-BF4B-00C04F79EFBC}") = "XamTestInvestigate.iOS", "XamTestInvestigate\XamTestInvestigate.iOS\XamTestInvestigate.iOS.csproj", "{1BC33C21-2F4C-45B9-A1BD-2E58027CF084}"
EndProject
Project("{FAE04EC0-301F-11D3-BF4B-00C04F79EFBC}") = "XamTestInvestigate", "XamTestInvestigate\XamTestInvestigate\XamTestInvestigate.csproj", "{463AB182-6530-4D56-BFB6-00A046AB8039}"
EndProject
Global
	GlobalSection(SolutionConfigurationPlatforms) = preSolution
		Debug|Any CPU = Debug|Any CPU
		Debug|ARM = Debug|ARM
		Debug|iPhone = Debug|iPhone
		Debug|iPhoneSimulator = Debug|iPhoneSimulator
		Debug|x64 = Debug|x64
		Debug|x86 = Debug|x86
		Release|Any CPU = Release|Any CPU
		Release|ARM = Release|ARM
		Release|iPhone = Release|iPhone
		Release|iPhoneSimulator = Release|iPhoneSimulator
		Release|x64 = Release|x64
		Release|x86 = Release|x86
	EndGlobalSection
	GlobalSection(ProjectConfigurationPlatforms) = postSolution
		{10015A3E-BA24-476C-B378-D2012279F7A4}.Debug|Any CPU.ActiveCfg = Debug|x86
		{10015A3E-BA24-476C-B378-D2012279F7A4}.Debug|Any CPU.Build.0 = Debug|x86
		{10015A3E-BA24-476C-B378-D2012279F7A4}.Debug|Any CPU.Deploy.0 = Debug|x86
		{10015A3E-BA24-476C-B378-D2012279F7A4}.Debug|ARM.ActiveCfg = Debug|ARM
		{10015A3E-BA24-476C-B378-D2012279F7A4}.Debug|ARM.Build.0 = Debug|ARM
		{10015A3E-BA24-476C-B378-D2012279F7A4}.Debug|ARM.Deploy.0 = Debug|ARM
		{10015A3E-BA24-476C-B378-D2012279F7A4}.Debug|iPhone.ActiveCfg = Debug|x86
		{10015A3E-BA24-476C-B378-D2012279F7A4}.Debug|iPhone.Build.0 = Debug|x86
		{10015A3E-BA24-476C-B378-D2012279F7A4}.Debug|iPhone.Deploy.0 = Debug|x86
		{10015A3E-BA24-476C-B378-D2012279F7A4}.Debug|iPhoneSimulator.ActiveCfg = Debug|x86
		{10015A3E-BA24-476C-B378-D2012279F7A4}.Debug|iPhoneSimulator.Build.0 = Debug|x86
		{10015A3E-BA24-476C-B378-D2012279F7A4}.Debug|iPhoneSimulator.Deploy.0 = Debug|x86
		{10015A3E-BA24-476C-B378-D2012279F7A4}.Debug|x64.ActiveCfg = Debug|x64
		{10015A3E-BA24-476C-B378-D2012279F7A4}.Debug|x64.Build.0 = Debug|x64
		{10015A3E-BA24-476C-B378-D2012279F7A4}.Debug|x64.Deploy.0 = Debug|x64
		{10015A3E-BA24-476C-B378-D2012279F7A4}.Debug|x86.ActiveCfg = Debug|x86
		{10015A3E-BA24-476C-B378-D2012279F7A4}.Debug|x86.Build.0 = Debug|x86
		{10015A3E-BA24-476C-B378-D2012279F7A4}.Debug|x86.Deploy.0 = Debug|x86
		{10015A3E-BA24-476C-B378-D2012279F7A4}.Release|Any CPU.ActiveCfg = Release|x86
		{10015A3E-BA24-476C-B378-D2012279F7A4}.Release|Any CPU.Build.0 = Release|x86
		{10015A3E-BA24-476C-B378-D2012279F7A4}.Release|Any CPU.Deploy.0 = Release|x86
		{10015A3E-BA24-476C-B378-D2012279F7A4}.Release|ARM.ActiveCfg = Release|ARM
		{10015A3E-BA24-476C-B378-D2012279F7A4}.Release|ARM.Build.0 = Release|ARM
		{10015A3E-BA24-476C-B378-D2012279F7A4}.Release|ARM.Deploy.0 = Release|ARM
		{10015A3E-BA24-476C-B378-D2012279F7A4}.Release|iPhone.ActiveCfg = Release|x86
		{10015A3E-BA24-476C-B378-D2012279F7A4}.Release|iPhone.Build.0 = Release|x86
		{10015A3E-BA24-476C-B378-D2012279F7A4}.Release|iPhone.Deploy.0 = Release|x86
		{10015A3E-BA24-476C-B378-D2012279F7A4}.Release|iPhoneSimulator.ActiveCfg = Release|x86
		{10015A3E-BA24-476C-B378-D2012279F7A4}.Release|iPhoneSimulator.Build.0 = Release|x86
		{10015A3E-BA24-476C-B378-D2012279F7A4}.Release|iPhoneSimulator.Deploy.0 = Release|x86
		{10015A3E-BA24-476C-B378-D2012279F7A4}.Release|x64.ActiveCfg = Release|x64
		{10015A3E-BA24-476C-B378-D2012279F7A4}.Release|x64.Build.0 = Release|x64
		{10015A3E-BA24-476C-B378-D2012279F7A4}.Release|x64.Deploy.0 = Release|x64
		{10015A3E-BA24-476C-B378-D2012279F7A4}.Release|x86.ActiveCfg = Release|x86
		{10015A3E-BA24-476C-B378-D2012279F7A4}.Release|x86.Build.0 = Release|x86
		{10015A3E-BA24-476C-B378-D2012279F7A4}.Release|x86.Deploy.0 = Release|x86
		{CCB86124-E7B8-4FA0-A200-8739CF2ABFBA}.Debug|Any CPU.ActiveCfg = Debug|Any CPU
		{CCB86124-E7B8-4FA0-A200-8739CF2ABFBA}.Debug|Any CPU.Build.0 = Debug|Any CPU
		{CCB86124-E7B8-4FA0-A200-8739CF2ABFBA}.Debug|Any CPU.Deploy.0 = Debug|Any CPU
		{CCB86124-E7B8-4FA0-A200-8739CF2ABFBA}.Debug|ARM.ActiveCfg = Debug|Any CPU
		{CCB86124-E7B8-4FA0-A200-8739CF2ABFBA}.Debug|ARM.Build.0 = Debug|Any CPU
		{CCB86124-E7B8-4FA0-A200-8739CF2ABFBA}.Debug|ARM.Deploy.0 = Debug|Any CPU
		{CCB86124-E7B8-4FA0-A200-8739CF2ABFBA}.Debug|iPhone.ActiveCfg = Debug|Any CPU
		{CCB86124-E7B8-4FA0-A200-8739CF2ABFBA}.Debug|iPhone.Build.0 = Debug|Any CPU
		{CCB86124-E7B8-4FA0-A200-8739CF2ABFBA}.Debug|iPhone.Deploy.0 = Debug|Any CPU
		{CCB86124-E7B8-4FA0-A200-8739CF2ABFBA}.Debug|iPhoneSimulator.ActiveCfg = Debug|Any CPU
		{CCB86124-E7B8-4FA0-A200-8739CF2ABFBA}.Debug|iPhoneSimulator.Build.0 = Debug|Any CPU
		{CCB86124-E7B8-4FA0-A200-8739CF2ABFBA}.Debug|iPhoneSimulator.Deploy.0 = Debug|Any CPU
		{CCB86124-E7B8-4FA0-A200-8739CF2ABFBA}.Debug|x64.ActiveCfg = Debug|Any CPU
		{CCB86124-E7B8-4FA0-A200-8739CF2ABFBA}.Debug|x64.Build.0 = Debug|Any CPU
		{CCB86124-E7B8-4FA0-A200-8739CF2ABFBA}.Debug|x64.Deploy.0 = Debug|Any CPU
		{CCB86124-E7B8-4FA0-A200-8739CF2ABFBA}.Debug|x86.ActiveCfg = Debug|Any CPU
		{CCB86124-E7B8-4FA0-A200-8739CF2ABFBA}.Debug|x86.Build.0 = Debug|Any CPU
		{CCB86124-E7B8-4FA0-A200-8739CF2ABFBA}.Debug|x86.Deploy.0 = Debug|Any CPU
		{CCB86124-E7B8-4FA0-A200-8739CF2ABFBA}.Release|Any CPU.ActiveCfg = Release|Any CPU
		{CCB86124-E7B8-4FA0-A200-8739CF2ABFBA}.Release|Any CPU.Build.0 = Release|Any CPU
		{CCB86124-E7B8-4FA0-A200-8739CF2ABFBA}.Release|Any CPU.Deploy.0 = Release|Any CPU
		{CCB86124-E7B8-4FA0-A200-8739CF2ABFBA}.Release|ARM.ActiveCfg = Release|Any CPU
		{CCB86124-E7B8-4FA0-A200-8739CF2ABFBA}.Release|ARM.Build.0 = Release|Any CPU
		{CCB86124-E7B8-4FA0-A200-8739CF2ABFBA}.Release|ARM.Deploy.0 = Release|Any CPU
		{CCB86124-E7B8-4FA0-A200-8739CF2ABFBA}.Release|iPhone.ActiveCfg = Release|Any CPU
		{CCB86124-E7B8-4FA0-A200-8739CF2ABFBA}.Release|iPhone.Build.0 = Release|Any CPU
		{CCB86124-E7B8-4FA0-A200-8739CF2ABFBA}.Release|iPhone.Deploy.0 = Release|Any CPU
		{CCB86124-E7B8-4FA0-A200-8739CF2ABFBA}.Release|iPhoneSimulator.ActiveCfg = Release|Any CPU
		{CCB86124-E7B8-4FA0-A200-8739CF2ABFBA}.Release|iPhoneSimulator.Build.0 = Release|Any CPU
		{CCB86124-E7B8-4FA0-A200-8739CF2ABFBA}.Release|iPhoneSimulator.Deploy.0 = Release|Any CPU
		{CCB86124-E7B8-4FA0-A200-8739CF2ABFBA}.Release|x64.ActiveCfg = Release|Any CPU
		{CCB86124-E7B8-4FA0-A200-8739CF2ABFBA}.Release|x64.Build.0 = Release|Any CPU
		{CCB86124-E7B8-4FA0-A200-8739CF2ABFBA}.Release|x64.Deploy.0 = Release|Any CPU
		{CCB86124-E7B8-4FA0-A200-8739CF2ABFBA}.Release|x86.ActiveCfg = Release|Any CPU
		{CCB86124-E7B8-4FA0-A200-8739CF2ABFBA}.Release|x86.Build.0 = Release|Any CPU
		{CCB86124-E7B8-4FA0-A200-8739CF2ABFBA}.Release|x86.Deploy.0 = Release|Any CPU
		{1BC33C21-2F4C-45B9-A1BD-2E58027CF084}.Debug|Any CPU.ActiveCfg = Debug|iPhone
		{1BC33C21-2F4C-45B9-A1BD-2E58027CF084}.Debug|Any CPU.Build.0 = Debug|iPhone
		{1BC33C21-2F4C-45B9-A1BD-2E58027CF084}.Debug|Any CPU.Deploy.0 = Debug|iPhone
		{1BC33C21-2F4C-45B9-A1BD-2E58027CF084}.Debug|ARM.ActiveCfg = Debug|iPhoneSimulator
		{1BC33C21-2F4C-45B9-A1BD-2E58027CF084}.Debug|ARM.Build.0 = Debug|iPhoneSimulator
		{1BC33C21-2F4C-45B9-A1BD-2E58027CF084}.Debug|ARM.Deploy.0 = Debug|iPhoneSimulator
		{1BC33C21-2F4C-45B9-A1BD-2E58027CF084}.Debug|iPhone.ActiveCfg = Debug|iPhone
		{1BC33C21-2F4C-45B9-A1BD-2E58027CF084}.Debug|iPhone.Build.0 = Debug|iPhone
		{1BC33C21-2F4C-45B9-A1BD-2E58027CF084}.Debug|iPhone.Deploy.0 = Debug|iPhone
		{1BC33C21-2F4C-45B9-A1BD-2E58027CF084}.Debug|iPhoneSimulator.ActiveCfg = Debug|iPhoneSimulator
		{1BC33C21-2F4C-45B9-A1BD-2E58027CF084}.Debug|iPhoneSimulator.Build.0 = Debug|iPhoneSimulator
		{1BC33C21-2F4C-45B9-A1BD-2E58027CF084}.Debug|iPhoneSimulator.Deploy.0 = Debug|iPhoneSimulator
		{1BC33C21-2F4C-45B9-A1BD-2E58027CF084}.Debug|x64.ActiveCfg = Debug|iPhone
		{1BC33C21-2F4C-45B9-A1BD-2E58027CF084}.Debug|x64.Build.0 = Debug|iPhone
		{1BC33C21-2F4C-45B9-A1BD-2E58027CF084}.Debug|x64.Deploy.0 = Debug|iPhone
		{1BC33C21-2F4C-45B9-A1BD-2E58027CF084}.Debug|x86.ActiveCfg = Debug|iPhone
		{1BC33C21-2F4C-45B9-A1BD-2E58027CF084}.Debug|x86.Build.0 = Debug|iPhone
		{1BC33C21-2F4C-45B9-A1BD-2E58027CF084}.Debug|x86.Deploy.0 = Debug|iPhone
		{1BC33C21-2F4C-45B9-A1BD-2E58027CF084}.Release|Any CPU.ActiveCfg = Release|iPhone
		{1BC33C21-2F4C-45B9-A1BD-2E58027CF084}.Release|Any CPU.Build.0 = Release|iPhone
		{1BC33C21-2F4C-45B9-A1BD-2E58027CF084}.Release|Any CPU.Deploy.0 = Release|iPhone
		{1BC33C21-2F4C-45B9-A1BD-2E58027CF084}.Release|ARM.ActiveCfg = Release|iPhone
		{1BC33C21-2F4C-45B9-A1BD-2E58027CF084}.Release|ARM.Build.0 = Release|iPhone
		{1BC33C21-2F4C-45B9-A1BD-2E58027CF084}.Release|ARM.Deploy.0 = Release|iPhone
		{1BC33C21-2F4C-45B9-A1BD-2E58027CF084}.Release|iPhone.ActiveCfg = Release|iPhone
		{1BC33C21-2F4C-45B9-A1BD-2E58027CF084}.Release|iPhone.Build.0 = Release|iPhone
		{1BC33C21-2F4C-45B9-A1BD-2E58027CF084}.Release|iPhone.Deploy.0 = Release|iPhone
		{1BC33C21-2F4C-45B9-A1BD-2E58027CF084}.Release|iPhoneSimulator.ActiveCfg = Release|iPhoneSimulator
		{1BC33C21-2F4C-45B9-A1BD-2E58027CF084}.Release|iPhoneSimulator.Build.0 = Release|iPhoneSimulator
		{1BC33C21-2F4C-45B9-A1BD-2E58027CF084}.Release|iPhoneSimulator.Deploy.0 = Release|iPhoneSimulator
		{1BC33C21-2F4C-45B9-A1BD-2E58027CF084}.Release|x64.ActiveCfg = Release|iPhone
		{1BC33C21-2F4C-45B9-A1BD-2E58027CF084}.Release|x64.Build.0 = Release|iPhone
		{1BC33C21-2F4C-45B9-A1BD-2E58027CF084}.Release|x64.Deploy.0 = Release|iPhone
		{1BC33C21-2F4C-45B9-A1BD-2E58027CF084}.Release|x86.ActiveCfg = Release|iPhone
		{1BC33C21-2F4C-45B9-A1BD-2E58027CF084}.Release|x86.Build.0 = Release|iPhone
		{1BC33C21-2F4C-45B9-A1BD-2E58027CF084}.Release|x86.Deploy.0 = Release|iPhone
		{463AB182-6530-4D56-BFB6-00A046AB8039}.Debug|Any CPU.ActiveCfg = Debug|Any CPU
		{463AB182-6530-4D56-BFB6-00A046AB8039}.Debug|Any CPU.Build.0 = Debug|Any CPU
		{463AB182-6530-4D56-BFB6-00A046AB8039}.Debug|Any CPU.Deploy.0 = Debug|Any CPU
		{463AB182-6530-4D56-BFB6-00A046AB8039}.Debug|ARM.ActiveCfg = Debug|Any CPU
		{463AB182-6530-4D56-BFB6-00A046AB8039}.Debug|ARM.Build.0 = Debug|Any CPU
		{463AB182-6530-4D56-BFB6-00A046AB8039}.Debug|ARM.Deploy.0 = Debug|Any CPU
		{463AB182-6530-4D56-BFB6-00A046AB8039}.Debug|iPhone.ActiveCfg = Debug|Any CPU
		{463AB182-6530-4D56-BFB6-00A046AB8039}.Debug|iPhone.Build.0 = Debug|Any CPU
		{463AB182-6530-4D56-BFB6-00A046AB8039}.Debug|iPhone.Deploy.0 = Debug|Any CPU
		{463AB182-6530-4D56-BFB6-00A046AB8039}.Debug|iPhoneSimulator.ActiveCfg = Debug|Any CPU
		{463AB182-6530-4D56-BFB6-00A046AB8039}.Debug|iPhoneSimulator.Build.0 = Debug|Any CPU
		{463AB182-6530-4D56-BFB6-00A046AB8039}.Debug|iPhoneSimulator.Deploy.0 = Debug|Any CPU
		{463AB182-6530-4D56-BFB6-00A046AB8039}.Debug|x64.ActiveCfg = Debug|Any CPU
		{463AB182-6530-4D56-BFB6-00A046AB8039}.Debug|x64.Build.0 = Debug|Any CPU
		{463AB182-6530-4D56-BFB6-00A046AB8039}.Debug|x64.Deploy.0 = Debug|Any CPU
		{463AB182-6530-4D56-BFB6-00A046AB8039}.Debug|x86.ActiveCfg = Debug|Any CPU
		{463AB182-6530-4D56-BFB6-00A046AB8039}.Debug|x86.Build.0 = Debug|Any CPU
		{463AB182-6530-4D56-BFB6-00A046AB8039}.Debug|x86.Deploy.0 = Debug|Any CPU
		{463AB182-6530-4D56-BFB6-00A046AB8039}.Release|Any CPU.ActiveCfg = Release|Any CPU
		{463AB182-6530-4D56-BFB6-00A046AB8039}.Release|Any CPU.Build.0 = Release|Any CPU
		{463AB182-6530-4D56-BFB6-00A046AB8039}.Release|Any CPU.Deploy.0 = Release|Any CPU
		{463AB182-6530-4D56-BFB6-00A046AB8039}.Release|ARM.ActiveCfg = Release|Any CPU
		{463AB182-6530-4D56-BFB6-00A046AB8039}.Release|ARM.Build.0 = Release|Any CPU
		{463AB182-6530-4D56-BFB6-00A046AB8039}.Release|ARM.Deploy.0 = Release|Any CPU
		{463AB182-6530-4D56-BFB6-00A046AB8039}.Release|iPhone.ActiveCfg = Release|Any CPU
		{463AB182-6530-4D56-BFB6-00A046AB8039}.Release|iPhone.Build.0 = Release|Any CPU
		{463AB182-6530-4D56-BFB6-00A046AB8039}.Release|iPhone.Deploy.0 = Release|Any CPU
		{463AB182-6530-4D56-BFB6-00A046AB8039}.Release|iPhoneSimulator.ActiveCfg = Release|Any CPU
		{463AB182-6530-4D56-BFB6-00A046AB8039}.Release|iPhoneSimulator.Build.0 = Release|Any CPU
		{463AB182-6530-4D56-BFB6-00A046AB8039}.Release|iPhoneSimulator.Deploy.0 = Release|Any CPU
		{463AB182-6530-4D56-BFB6-00A046AB8039}.Release|x64.ActiveCfg = Release|Any CPU
		{463AB182-6530-4D56-BFB6-00A046AB8039}.Release|x64.Build.0 = Release|Any CPU
		{463AB182-6530-4D56-BFB6-00A046AB8039}.Release|x64.Deploy.0 = Release|Any CPU
		{463AB182-6530-4D56-BFB6-00A046AB8039}.Release|x86.ActiveCfg = Release|Any CPU
		{463AB182-6530-4D56-BFB6-00A046AB8039}.Release|x86.Build.0 = Release|Any CPU
		{463AB182-6530-4D56-BFB6-00A046AB8039}.Release|x86.Deploy.0 = Release|Any CPU
	EndGlobalSection
	GlobalSection(SolutionProperties) = preSolution
		HideSolutionNode = FALSE
	EndGlobalSection
	GlobalSection(ExtensibilityGlobals) = postSolution
		SolutionGuid = {3579A8B3-0287-4104-B325-168A12F6A4E2}
	EndGlobalSection
EndGlobal
